
Microsoft Visual Studio Solution File, Format Version 12.00
# Visual Studio Version 17
VisualStudioVersion = 17.5.33502.453
MinimumVisualStudioVersion = 10.0.40219.1
Project("{2150E333-8FDC-42A3-9474-1A3956D46DE8}") = "src", "src", "{5FFE815C-9B5C-460A-B6B3-8BCD6C2BE630}"
EndProject
Project("{2150E333-8FDC-42A3-9474-1A3956D46DE8}") = "Solution Items", "Solution Items", "{239E7B47-5CDD-4DC3-B542-791F66B024B4}"
	ProjectSection(SolutionItems) = preProject
		ServiceUrls.txt = ServiceUrls.txt
	EndProjectSection
EndProject
Project("{2150E333-8FDC-42A3-9474-1A3956D46DE8}") = "ApiGateways", "ApiGateways", "{84E65D76-33AE-4D16-BF81-FFFDBC801B57}"
EndProject
Project("{2150E333-8FDC-42A3-9474-1A3956D46DE8}") = "BuildingBlocks", "BuildingBlocks", "{1E9FD266-628C-46BB-BBD9-71571511E38E}"
EndProject
Project("{2150E333-8FDC-42A3-9474-1A3956D46DE8}") = "Services", "Services", "{71B68DD6-460D-4183-A286-9A7E637E85A9}"
EndProject
Project("{2150E333-8FDC-42A3-9474-1A3956D46DE8}") = "Clients", "Clients", "{FD5370C3-06F4-4D4F-8C82-AA50EEE9F71F}"
EndProject
Project("{2150E333-8FDC-42A3-9474-1A3956D46DE8}") = "WebApiGateway", "WebApiGateway", "{4212463E-D06F-4E37-8A3A-8B3F439EE73D}"
EndProject
Project("{FAE04EC0-301F-11D3-BF4B-00C04F79EFBC}") = "Web.ApiGateway", "src\ApiGateways\WebApiGateway\Web.ApiGateway\Web.ApiGateway.csproj", "{116DB4FE-6A0C-48BA-8392-D739ADE63625}"
EndProject
Project("{2150E333-8FDC-42A3-9474-1A3956D46DE8}") = "EventBus", "EventBus", "{7061EBD4-BB52-49E4-91D2-3AC8301CE3F3}"
EndProject
Project("{FAE04EC0-301F-11D3-BF4B-00C04F79EFBC}") = "EventBus.Base", "src\BuildingBlocks\EventBus\EventBus.Base\EventBus.Base.csproj", "{A6B57789-1F44-4F9A-8010-15BEFC928195}"
EndProject
Project("{FAE04EC0-301F-11D3-BF4B-00C04F79EFBC}") = "EventBus.Factory", "src\BuildingBlocks\EventBus\EventBus.Factory\EventBus.Factory.csproj", "{4B3CA51D-38B8-4CB7-A95B-03A3775F6B73}"
EndProject
Project("{FAE04EC0-301F-11D3-BF4B-00C04F79EFBC}") = "EventBus.AzureServiceBus", "src\BuildingBlocks\EventBus\EventBus.AzureServiceBus\EventBus.AzureServiceBus.csproj", "{84D0954B-2C9F-4666-BE1A-C85654C70231}"
EndProject
Project("{FAE04EC0-301F-11D3-BF4B-00C04F79EFBC}") = "EventBus.RabbitMQ", "src\BuildingBlocks\EventBus\EventBus.RabbitMQ\EventBus.RabbitMQ.csproj", "{04B1ED55-ECD9-40B5-91D5-193A7939D0A0}"
EndProject
Project("{2150E333-8FDC-42A3-9474-1A3956D46DE8}") = "BlazorWebApp", "BlazorWebApp", "{E1F2899A-C92E-4390-917C-1A0834657CA7}"
EndProject
Project("{FAE04EC0-301F-11D3-BF4B-00C04F79EFBC}") = "WebApp", "src\Clients\BlazorWebApp\WebApp\WebApp.csproj", "{CF0C12D3-AFC2-46CF-A416-7DBCE307AE96}"
EndProject
Project("{2150E333-8FDC-42A3-9474-1A3956D46DE8}") = "BasketService", "BasketService", "{C35C56B9-6226-47DF-A837-DC0A8A26019B}"
EndProject
Project("{FAE04EC0-301F-11D3-BF4B-00C04F79EFBC}") = "BasketService.Api", "src\Services\BasketService\BasketService.Api\BasketService.Api.csproj", "{9CD51741-9F60-4ADE-83C1-427C8C17165D}"
EndProject
Project("{2150E333-8FDC-42A3-9474-1A3956D46DE8}") = "CatalogService", "CatalogService", "{324D59E0-13BC-4F4A-9F16-18FEA62D18BE}"
EndProject
Project("{FAE04EC0-301F-11D3-BF4B-00C04F79EFBC}") = "CatalogService.Api", "src\Services\CatalogService\CatalogService.Api\CatalogService.Api.csproj", "{EFD863EF-19A0-47C6-9D0D-28A22C3C927A}"
EndProject
Project("{2150E333-8FDC-42A3-9474-1A3956D46DE8}") = "IdentityService", "IdentityService", "{7F3388A9-9C50-4360-91B1-726574248638}"
EndProject
Project("{FAE04EC0-301F-11D3-BF4B-00C04F79EFBC}") = "IdentityService.Api", "src\Services\IdentityService\IdentityService.Api\IdentityService.Api.csproj", "{7334091E-68CB-4157-BB2B-25477E78008D}"
EndProject
Project("{2150E333-8FDC-42A3-9474-1A3956D46DE8}") = "NotificationService", "NotificationService", "{F6F947F5-C179-49A8-9A90-DA3CDC138312}"
EndProject
Project("{FAE04EC0-301F-11D3-BF4B-00C04F79EFBC}") = "NotificationService", "src\Services\NotificationService\NotificationService\NotificationService.csproj", "{59830909-183F-4F24-A241-B390F6CBBA66}"
EndProject
Project("{2150E333-8FDC-42A3-9474-1A3956D46DE8}") = "OrderService", "OrderService", "{34E8A8A8-EA14-4D99-8CC2-FFA6ECF83624}"
EndProject
Project("{FAE04EC0-301F-11D3-BF4B-00C04F79EFBC}") = "OrderService.Domain", "src\Services\OrderService\OrderService.Domain\OrderService.Domain.csproj", "{9784490C-81B5-4318-B2DF-01525900E0C2}"
EndProject
Project("{FAE04EC0-301F-11D3-BF4B-00C04F79EFBC}") = "OrderService.Application", "src\Services\OrderService\OrderService.Application\OrderService.Application.csproj", "{4FC9A041-2C64-4160-9144-3F7219110FD3}"
EndProject
Project("{FAE04EC0-301F-11D3-BF4B-00C04F79EFBC}") = "OrderService.Infrastructure", "src\Services\OrderService\OrderService.Infrastructure\OrderService.Infrastructure.csproj", "{A0D401DB-AED2-4DBD-B559-8942DA62E4BA}"
EndProject
Project("{FAE04EC0-301F-11D3-BF4B-00C04F79EFBC}") = "OrderService.Api", "src\Services\OrderService\OrderService.Api\OrderService.Api.csproj", "{E1BDF873-8B86-406B-AE9F-CE81F92CA1ED}"
EndProject
Project("{2150E333-8FDC-42A3-9474-1A3956D46DE8}") = "PaymentService", "PaymentService", "{AF080B32-B123-47A8-8C27-E9B4488EB225}"
EndProject
Project("{FAE04EC0-301F-11D3-BF4B-00C04F79EFBC}") = "PaymentService.Api", "src\Services\PaymentService\PaymentService.Api\PaymentService.Api.csproj", "{C1072440-0087-4575-A786-883C07E12757}"
EndProject
Global
	GlobalSection(SolutionConfigurationPlatforms) = preSolution
		Debug|Any CPU = Debug|Any CPU
		Release|Any CPU = Release|Any CPU
	EndGlobalSection
	GlobalSection(ProjectConfigurationPlatforms) = postSolution
		{116DB4FE-6A0C-48BA-8392-D739ADE63625}.Debug|Any CPU.ActiveCfg = Debug|Any CPU
		{116DB4FE-6A0C-48BA-8392-D739ADE63625}.Debug|Any CPU.Build.0 = Debug|Any CPU
		{116DB4FE-6A0C-48BA-8392-D739ADE63625}.Release|Any CPU.ActiveCfg = Release|Any CPU
		{116DB4FE-6A0C-48BA-8392-D739ADE63625}.Release|Any CPU.Build.0 = Release|Any CPU
		{A6B57789-1F44-4F9A-8010-15BEFC928195}.Debug|Any CPU.ActiveCfg = Debug|Any CPU
		{A6B57789-1F44-4F9A-8010-15BEFC928195}.Debug|Any CPU.Build.0 = Debug|Any CPU
		{A6B57789-1F44-4F9A-8010-15BEFC928195}.Release|Any CPU.ActiveCfg = Release|Any CPU
		{A6B57789-1F44-4F9A-8010-15BEFC928195}.Release|Any CPU.Build.0 = Release|Any CPU
		{4B3CA51D-38B8-4CB7-A95B-03A3775F6B73}.Debug|Any CPU.ActiveCfg = Debug|Any CPU
		{4B3CA51D-38B8-4CB7-A95B-03A3775F6B73}.Debug|Any CPU.Build.0 = Debug|Any CPU
		{4B3CA51D-38B8-4CB7-A95B-03A3775F6B73}.Release|Any CPU.ActiveCfg = Release|Any CPU
		{4B3CA51D-38B8-4CB7-A95B-03A3775F6B73}.Release|Any CPU.Build.0 = Release|Any CPU
		{84D0954B-2C9F-4666-BE1A-C85654C70231}.Debug|Any CPU.ActiveCfg = Debug|Any CPU
		{84D0954B-2C9F-4666-BE1A-C85654C70231}.Debug|Any CPU.Build.0 = Debug|Any CPU
		{84D0954B-2C9F-4666-BE1A-C85654C70231}.Release|Any CPU.ActiveCfg = Release|Any CPU
		{84D0954B-2C9F-4666-BE1A-C85654C70231}.Release|Any CPU.Build.0 = Release|Any CPU
		{04B1ED55-ECD9-40B5-91D5-193A7939D0A0}.Debug|Any CPU.ActiveCfg = Debug|Any CPU
		{04B1ED55-ECD9-40B5-91D5-193A7939D0A0}.Debug|Any CPU.Build.0 = Debug|Any CPU
		{04B1ED55-ECD9-40B5-91D5-193A7939D0A0}.Release|Any CPU.ActiveCfg = Release|Any CPU
		{04B1ED55-ECD9-40B5-91D5-193A7939D0A0}.Release|Any CPU.Build.0 = Release|Any CPU
		{CF0C12D3-AFC2-46CF-A416-7DBCE307AE96}.Debug|Any CPU.ActiveCfg = Debug|Any CPU
		{CF0C12D3-AFC2-46CF-A416-7DBCE307AE96}.Debug|Any CPU.Build.0 = Debug|Any CPU
		{CF0C12D3-AFC2-46CF-A416-7DBCE307AE96}.Release|Any CPU.ActiveCfg = Release|Any CPU
		{CF0C12D3-AFC2-46CF-A416-7DBCE307AE96}.Release|Any CPU.Build.0 = Release|Any CPU
		{9CD51741-9F60-4ADE-83C1-427C8C17165D}.Debug|Any CPU.ActiveCfg = Debug|Any CPU
		{9CD51741-9F60-4ADE-83C1-427C8C17165D}.Debug|Any CPU.Build.0 = Debug|Any CPU
		{9CD51741-9F60-4ADE-83C1-427C8C17165D}.Release|Any CPU.ActiveCfg = Release|Any CPU
		{9CD51741-9F60-4ADE-83C1-427C8C17165D}.Release|Any CPU.Build.0 = Release|Any CPU
		{EFD863EF-19A0-47C6-9D0D-28A22C3C927A}.Debug|Any CPU.ActiveCfg = Debug|Any CPU
		{EFD863EF-19A0-47C6-9D0D-28A22C3C927A}.Debug|Any CPU.Build.0 = Debug|Any CPU
		{EFD863EF-19A0-47C6-9D0D-28A22C3C927A}.Release|Any CPU.ActiveCfg = Release|Any CPU
		{EFD863EF-19A0-47C6-9D0D-28A22C3C927A}.Release|Any CPU.Build.0 = Release|Any CPU
		{7334091E-68CB-4157-BB2B-25477E78008D}.Debug|Any CPU.ActiveCfg = Debug|Any CPU
		{7334091E-68CB-4157-BB2B-25477E78008D}.Debug|Any CPU.Build.0 = Debug|Any CPU
		{7334091E-68CB-4157-BB2B-25477E78008D}.Release|Any CPU.ActiveCfg = Release|Any CPU
		{7334091E-68CB-4157-BB2B-25477E78008D}.Release|Any CPU.Build.0 = Release|Any CPU
		{59830909-183F-4F24-A241-B390F6CBBA66}.Debug|Any CPU.ActiveCfg = Debug|Any CPU
		{59830909-183F-4F24-A241-B390F6CBBA66}.Debug|Any CPU.Build.0 = Debug|Any CPU
		{59830909-183F-4F24-A241-B390F6CBBA66}.Release|Any CPU.ActiveCfg = Release|Any CPU
		{59830909-183F-4F24-A241-B390F6CBBA66}.Release|Any CPU.Build.0 = Release|Any CPU
		{9784490C-81B5-4318-B2DF-01525900E0C2}.Debug|Any CPU.ActiveCfg = Debug|Any CPU
		{9784490C-81B5-4318-B2DF-01525900E0C2}.Debug|Any CPU.Build.0 = Debug|Any CPU
		{9784490C-81B5-4318-B2DF-01525900E0C2}.Release|Any CPU.ActiveCfg = Release|Any CPU
		{9784490C-81B5-4318-B2DF-01525900E0C2}.Release|Any CPU.Build.0 = Release|Any CPU
		{4FC9A041-2C64-4160-9144-3F7219110FD3}.Debug|Any CPU.ActiveCfg = Debug|Any CPU
		{4FC9A041-2C64-4160-9144-3F7219110FD3}.Debug|Any CPU.Build.0 = Debug|Any CPU
		{4FC9A041-2C64-4160-9144-3F7219110FD3}.Release|Any CPU.ActiveCfg = Release|Any CPU
		{4FC9A041-2C64-4160-9144-3F7219110FD3}.Release|Any CPU.Build.0 = Release|Any CPU
		{A0D401DB-AED2-4DBD-B559-8942DA62E4BA}.Debug|Any CPU.ActiveCfg = Debug|Any CPU
		{A0D401DB-AED2-4DBD-B559-8942DA62E4BA}.Debug|Any CPU.Build.0 = Debug|Any CPU
		{A0D401DB-AED2-4DBD-B559-8942DA62E4BA}.Release|Any CPU.ActiveCfg = Release|Any CPU
		{A0D401DB-AED2-4DBD-B559-8942DA62E4BA}.Release|Any CPU.Build.0 = Release|Any CPU
		{E1BDF873-8B86-406B-AE9F-CE81F92CA1ED}.Debug|Any CPU.ActiveCfg = Debug|Any CPU
		{E1BDF873-8B86-406B-AE9F-CE81F92CA1ED}.Debug|Any CPU.Build.0 = Debug|Any CPU
		{E1BDF873-8B86-406B-AE9F-CE81F92CA1ED}.Release|Any CPU.ActiveCfg = Release|Any CPU
		{E1BDF873-8B86-406B-AE9F-CE81F92CA1ED}.Release|Any CPU.Build.0 = Release|Any CPU
		{C1072440-0087-4575-A786-883C07E12757}.Debug|Any CPU.ActiveCfg = Debug|Any CPU
		{C1072440-0087-4575-A786-883C07E12757}.Debug|Any CPU.Build.0 = Debug|Any CPU
		{C1072440-0087-4575-A786-883C07E12757}.Release|Any CPU.ActiveCfg = Release|Any CPU
		{C1072440-0087-4575-A786-883C07E12757}.Release|Any CPU.Build.0 = Release|Any CPU
	EndGlobalSection
	GlobalSection(SolutionProperties) = preSolution
		HideSolutionNode = FALSE
	EndGlobalSection
	GlobalSection(NestedProjects) = preSolution
		{84E65D76-33AE-4D16-BF81-FFFDBC801B57} = {5FFE815C-9B5C-460A-B6B3-8BCD6C2BE630}
		{1E9FD266-628C-46BB-BBD9-71571511E38E} = {5FFE815C-9B5C-460A-B6B3-8BCD6C2BE630}
		{71B68DD6-460D-4183-A286-9A7E637E85A9} = {5FFE815C-9B5C-460A-B6B3-8BCD6C2BE630}
		{FD5370C3-06F4-4D4F-8C82-AA50EEE9F71F} = {5FFE815C-9B5C-460A-B6B3-8BCD6C2BE630}
		{4212463E-D06F-4E37-8A3A-8B3F439EE73D} = {84E65D76-33AE-4D16-BF81-FFFDBC801B57}
		{116DB4FE-6A0C-48BA-8392-D739ADE63625} = {4212463E-D06F-4E37-8A3A-8B3F439EE73D}
		{7061EBD4-BB52-49E4-91D2-3AC8301CE3F3} = {1E9FD266-628C-46BB-BBD9-71571511E38E}
		{A6B57789-1F44-4F9A-8010-15BEFC928195} = {7061EBD4-BB52-49E4-91D2-3AC8301CE3F3}
		{4B3CA51D-38B8-4CB7-A95B-03A3775F6B73} = {7061EBD4-BB52-49E4-91D2-3AC8301CE3F3}
		{84D0954B-2C9F-4666-BE1A-C85654C70231} = {7061EBD4-BB52-49E4-91D2-3AC8301CE3F3}
		{04B1ED55-ECD9-40B5-91D5-193A7939D0A0} = {7061EBD4-BB52-49E4-91D2-3AC8301CE3F3}
		{E1F2899A-C92E-4390-917C-1A0834657CA7} = {FD5370C3-06F4-4D4F-8C82-AA50EEE9F71F}
		{CF0C12D3-AFC2-46CF-A416-7DBCE307AE96} = {E1F2899A-C92E-4390-917C-1A0834657CA7}
		{C35C56B9-6226-47DF-A837-DC0A8A26019B} = {71B68DD6-460D-4183-A286-9A7E637E85A9}
		{9CD51741-9F60-4ADE-83C1-427C8C17165D} = {C35C56B9-6226-47DF-A837-DC0A8A26019B}
		{324D59E0-13BC-4F4A-9F16-18FEA62D18BE} = {71B68DD6-460D-4183-A286-9A7E637E85A9}
		{EFD863EF-19A0-47C6-9D0D-28A22C3C927A} = {324D59E0-13BC-4F4A-9F16-18FEA62D18BE}
		{7F3388A9-9C50-4360-91B1-726574248638} = {71B68DD6-460D-4183-A286-9A7E637E85A9}
		{7334091E-68CB-4157-BB2B-25477E78008D} = {7F3388A9-9C50-4360-91B1-726574248638}
		{F6F947F5-C179-49A8-9A90-DA3CDC138312} = {71B68DD6-460D-4183-A286-9A7E637E85A9}
		{59830909-183F-4F24-A241-B390F6CBBA66} = {F6F947F5-C179-49A8-9A90-DA3CDC138312}
		{34E8A8A8-EA14-4D99-8CC2-FFA6ECF83624} = {71B68DD6-460D-4183-A286-9A7E637E85A9}
		{9784490C-81B5-4318-B2DF-01525900E0C2} = {34E8A8A8-EA14-4D99-8CC2-FFA6ECF83624}
		{4FC9A041-2C64-4160-9144-3F7219110FD3} = {34E8A8A8-EA14-4D99-8CC2-FFA6ECF83624}
		{A0D401DB-AED2-4DBD-B559-8942DA62E4BA} = {34E8A8A8-EA14-4D99-8CC2-FFA6ECF83624}
		{E1BDF873-8B86-406B-AE9F-CE81F92CA1ED} = {34E8A8A8-EA14-4D99-8CC2-FFA6ECF83624}
		{AF080B32-B123-47A8-8C27-E9B4488EB225} = {71B68DD6-460D-4183-A286-9A7E637E85A9}
		{C1072440-0087-4575-A786-883C07E12757} = {AF080B32-B123-47A8-8C27-E9B4488EB225}
	EndGlobalSection
	GlobalSection(ExtensibilityGlobals) = postSolution
		SolutionGuid = {6E10A6FC-AD18-445F-A8C7-FBA4D23A0257}
	EndGlobalSection
EndGlobal
